
Microsoft Visual Studio Solution File, Format Version 12.00
# Visual Studio 15
VisualStudioVersion = 15.0.28307.645
MinimumVisualStudioVersion = 10.0.40219.1
Project("{FAE04EC0-301F-11D3-BF4B-00C04F79EFBC}") = "EmailServices", "EmailServices\EmailServices.csproj", "{B983AE5B-4D94-45EA-BB2F-D78883A12D96}"
EndProject
Project("{FAE04EC0-301F-11D3-BF4B-00C04F79EFBC}") = "EmailDataAccess", "EmailDataAccess\EmailDataAccess.csproj", "{EC398F73-7535-401B-9595-6D65592BA498}"
EndProject
Global
	GlobalSection(SolutionConfigurationPlatforms) = preSolution
		Debug|Any CPU = Debug|Any CPU
		Release|Any CPU = Release|Any CPU
	EndGlobalSection
	GlobalSection(ProjectConfigurationPlatforms) = postSolution
		{B983AE5B-4D94-45EA-BB2F-D78883A12D96}.Debug|Any CPU.ActiveCfg = Debug|Any CPU
		{B983AE5B-4D94-45EA-BB2F-D78883A12D96}.Debug|Any CPU.Build.0 = Debug|Any CPU
		{B983AE5B-4D94-45EA-BB2F-D78883A12D96}.Release|Any CPU.ActiveCfg = Release|Any CPU
		{B983AE5B-4D94-45EA-BB2F-D78883A12D96}.Release|Any CPU.Build.0 = Release|Any CPU
		{EC398F73-7535-401B-9595-6D65592BA498}.Debug|Any CPU.ActiveCfg = Debug|Any CPU
		{EC398F73-7535-401B-9595-6D65592BA498}.Debug|Any CPU.Build.0 = Debug|Any CPU
		{EC398F73-7535-401B-9595-6D65592BA498}.Release|Any CPU.ActiveCfg = Release|Any CPU
		{EC398F73-7535-401B-9595-6D65592BA498}.Release|Any CPU.Build.0 = Release|Any CPU
	EndGlobalSection
	GlobalSection(SolutionProperties) = preSolution
		HideSolutionNode = FALSE
	EndGlobalSection
	GlobalSection(ExtensibilityGlobals) = postSolution
		SolutionGuid = {888B82A1-6831-4381-828E-0FCE98630EA2}
	EndGlobalSection
EndGlobal
